
Microsoft Visual Studio Solution File, Format Version 12.00
# Visual Studio Version 17
VisualStudioVersion = 17.1.32210.238
MinimumVisualStudioVersion = 10.0.40219.1
Project("{9A19103F-16F7-4668-BE54-9A1E7A4F7556}") = "YAFancyWebApp", "YAFancyWebApp\YAFancyWebApp.csproj", "{08D32AA5-96DA-4451-BB97-38637D4F7F81}"
EndProject
Project("{9A19103F-16F7-4668-BE54-9A1E7A4F7556}") = "YAFancyWebAppFixed", "YAFancyWebAppFixed\YAFancyWebAppFixed.csproj", "{75EE96D6-FDC8-4FF8-B692-69265ED10270}"
EndProject
Global
	GlobalSection(SolutionConfigurationPlatforms) = preSolution
		Debug|Any CPU = Debug|Any CPU
		Release|Any CPU = Release|Any CPU
	EndGlobalSection
	GlobalSection(ProjectConfigurationPlatforms) = postSolution
		{08D32AA5-96DA-4451-BB97-38637D4F7F81}.Debug|Any CPU.ActiveCfg = Debug|Any CPU
		{08D32AA5-96DA-4451-BB97-38637D4F7F81}.Debug|Any CPU.Build.0 = Debug|Any CPU
		{08D32AA5-96DA-4451-BB97-38637D4F7F81}.Release|Any CPU.ActiveCfg = Release|Any CPU
		{08D32AA5-96DA-4451-BB97-38637D4F7F81}.Release|Any CPU.Build.0 = Release|Any CPU
		{75EE96D6-FDC8-4FF8-B692-69265ED10270}.Debug|Any CPU.ActiveCfg = Debug|Any CPU
		{75EE96D6-FDC8-4FF8-B692-69265ED10270}.Debug|Any CPU.Build.0 = Debug|Any CPU
		{75EE96D6-FDC8-4FF8-B692-69265ED10270}.Release|Any CPU.ActiveCfg = Release|Any CPU
		{75EE96D6-FDC8-4FF8-B692-69265ED10270}.Release|Any CPU.Build.0 = Release|Any CPU
	EndGlobalSection
	GlobalSection(SolutionProperties) = preSolution
		HideSolutionNode = FALSE
	EndGlobalSection
	GlobalSection(ExtensibilityGlobals) = postSolution
		SolutionGuid = {DF6EFD4E-9A02-4C96-8E01-3105F3EBD09C}
	EndGlobalSection
EndGlobal
